
Microsoft Visual Studio Solution File, Format Version 12.00
# Visual Studio Version 17
VisualStudioVersion = 17.7.34202.233
MinimumVisualStudioVersion = 10.0.40219.1
Project("{FAE04EC0-301F-11D3-BF4B-00C04F79EFBC}") = "Lz11-12", "Lz11-12\Lz11-12.csproj", "{EF5F1789-88E8-4FBA-8BBA-B9E587C86A16}"
EndProject
Global
	GlobalSection(SolutionConfigurationPlatforms) = preSolution
		Debug|Any CPU = Debug|Any CPU
		Release|Any CPU = Release|Any CPU
	EndGlobalSection
	GlobalSection(ProjectConfigurationPlatforms) = postSolution
		{EF5F1789-88E8-4FBA-8BBA-B9E587C86A16}.Debug|Any CPU.ActiveCfg = Debug|Any CPU
		{EF5F1789-88E8-4FBA-8BBA-B9E587C86A16}.Debug|Any CPU.Build.0 = Debug|Any CPU
		{EF5F1789-88E8-4FBA-8BBA-B9E587C86A16}.Release|Any CPU.ActiveCfg = Release|Any CPU
		{EF5F1789-88E8-4FBA-8BBA-B9E587C86A16}.Release|Any CPU.Build.0 = Release|Any CPU
	EndGlobalSection
	GlobalSection(SolutionProperties) = preSolution
		HideSolutionNode = FALSE
	EndGlobalSection
	GlobalSection(ExtensibilityGlobals) = postSolution
		SolutionGuid = {1290B6C3-8C23-4CDB-85A6-7DF5F0A768B9}
	EndGlobalSection
EndGlobal
