
Microsoft Visual Studio Solution File, Format Version 12.00
# Visual Studio Version 17
VisualStudioVersion = 17.7.34024.191
MinimumVisualStudioVersion = 10.0.40219.1
Project("{FAE04EC0-301F-11D3-BF4B-00C04F79EFBC}") = "Lz2_1", "Lz2_1\Lz2_1.csproj", "{DE963301-2013-4FA8-BD23-AF7E07C1DF5D}"
EndProject
Project("{FAE04EC0-301F-11D3-BF4B-00C04F79EFBC}") = "Lz2_3", "Lz2_3\Lz2_3.csproj", "{ADC63682-0881-4B02-BBF7-BEAEB720D9C1}"
EndProject
Project("{FAE04EC0-301F-11D3-BF4B-00C04F79EFBC}") = "Lz2_2", "Lz2_2\Lz2_2.csproj", "{BB2FAEF7-1535-4D45-8A7A-698F3063BA67}"
EndProject
Global
	GlobalSection(SolutionConfigurationPlatforms) = preSolution
		Debug|Any CPU = Debug|Any CPU
		Release|Any CPU = Release|Any CPU
	EndGlobalSection
	GlobalSection(ProjectConfigurationPlatforms) = postSolution
		{DE963301-2013-4FA8-BD23-AF7E07C1DF5D}.Debug|Any CPU.ActiveCfg = Debug|Any CPU
		{DE963301-2013-4FA8-BD23-AF7E07C1DF5D}.Debug|Any CPU.Build.0 = Debug|Any CPU
		{DE963301-2013-4FA8-BD23-AF7E07C1DF5D}.Release|Any CPU.ActiveCfg = Release|Any CPU
		{DE963301-2013-4FA8-BD23-AF7E07C1DF5D}.Release|Any CPU.Build.0 = Release|Any CPU
		{ADC63682-0881-4B02-BBF7-BEAEB720D9C1}.Debug|Any CPU.ActiveCfg = Debug|Any CPU
		{ADC63682-0881-4B02-BBF7-BEAEB720D9C1}.Debug|Any CPU.Build.0 = Debug|Any CPU
		{ADC63682-0881-4B02-BBF7-BEAEB720D9C1}.Release|Any CPU.ActiveCfg = Release|Any CPU
		{ADC63682-0881-4B02-BBF7-BEAEB720D9C1}.Release|Any CPU.Build.0 = Release|Any CPU
		{BB2FAEF7-1535-4D45-8A7A-698F3063BA67}.Debug|Any CPU.ActiveCfg = Debug|Any CPU
		{BB2FAEF7-1535-4D45-8A7A-698F3063BA67}.Debug|Any CPU.Build.0 = Debug|Any CPU
		{BB2FAEF7-1535-4D45-8A7A-698F3063BA67}.Release|Any CPU.ActiveCfg = Release|Any CPU
		{BB2FAEF7-1535-4D45-8A7A-698F3063BA67}.Release|Any CPU.Build.0 = Release|Any CPU
	EndGlobalSection
	GlobalSection(SolutionProperties) = preSolution
		HideSolutionNode = FALSE
	EndGlobalSection
	GlobalSection(ExtensibilityGlobals) = postSolution
		SolutionGuid = {DD454B4F-1F05-4AA6-B863-92A1B46C6CE3}
	EndGlobalSection
EndGlobal
